
Microsoft Visual Studio Solution File, Format Version 12.00
# Visual Studio Version 17
VisualStudioVersion = 17.11.35208.52
MinimumVisualStudioVersion = 10.0.40219.1
Project("{9A19103F-16F7-4668-BE54-9A1E7A4F7556}") = "PM_LKMT", "PM_LKMT\PM_LKMT.csproj", "{CCDD9529-2280-4FF5-B714-DCBC9F0D86EB}"
EndProject
Project("{9A19103F-16F7-4668-BE54-9A1E7A4F7556}") = "DTO", "DTO\DTO.csproj", "{53F3592C-A270-41DC-A2DA-4F424B8F125F}"
EndProject
Project("{9A19103F-16F7-4668-BE54-9A1E7A4F7556}") = "BLL", "BLL\BLL.csproj", "{D0B40077-AF2B-4A7F-AA8D-1D8EDC6C5D0B}"
EndProject
Project("{FAE04EC0-301F-11D3-BF4B-00C04F79EFBC}") = "DAL", "DAL\DAL.csproj", "{B296067D-9662-4D54-8FBA-93D64500EC5B}"
EndProject
Global
	GlobalSection(SolutionConfigurationPlatforms) = preSolution
		Debug|Any CPU = Debug|Any CPU
		Release|Any CPU = Release|Any CPU
	EndGlobalSection
	GlobalSection(ProjectConfigurationPlatforms) = postSolution
		{CCDD9529-2280-4FF5-B714-DCBC9F0D86EB}.Debug|Any CPU.ActiveCfg = Debug|Any CPU
		{CCDD9529-2280-4FF5-B714-DCBC9F0D86EB}.Debug|Any CPU.Build.0 = Debug|Any CPU
		{CCDD9529-2280-4FF5-B714-DCBC9F0D86EB}.Release|Any CPU.ActiveCfg = Release|Any CPU
		{CCDD9529-2280-4FF5-B714-DCBC9F0D86EB}.Release|Any CPU.Build.0 = Release|Any CPU
		{53F3592C-A270-41DC-A2DA-4F424B8F125F}.Debug|Any CPU.ActiveCfg = Debug|Any CPU
		{53F3592C-A270-41DC-A2DA-4F424B8F125F}.Debug|Any CPU.Build.0 = Debug|Any CPU
		{53F3592C-A270-41DC-A2DA-4F424B8F125F}.Release|Any CPU.ActiveCfg = Release|Any CPU
		{53F3592C-A270-41DC-A2DA-4F424B8F125F}.Release|Any CPU.Build.0 = Release|Any CPU
		{D0B40077-AF2B-4A7F-AA8D-1D8EDC6C5D0B}.Debug|Any CPU.ActiveCfg = Debug|Any CPU
		{D0B40077-AF2B-4A7F-AA8D-1D8EDC6C5D0B}.Debug|Any CPU.Build.0 = Debug|Any CPU
		{D0B40077-AF2B-4A7F-AA8D-1D8EDC6C5D0B}.Release|Any CPU.ActiveCfg = Release|Any CPU
		{D0B40077-AF2B-4A7F-AA8D-1D8EDC6C5D0B}.Release|Any CPU.Build.0 = Release|Any CPU
		{B296067D-9662-4D54-8FBA-93D64500EC5B}.Debug|Any CPU.ActiveCfg = Debug|Any CPU
		{B296067D-9662-4D54-8FBA-93D64500EC5B}.Debug|Any CPU.Build.0 = Debug|Any CPU
		{B296067D-9662-4D54-8FBA-93D64500EC5B}.Release|Any CPU.ActiveCfg = Release|Any CPU
		{B296067D-9662-4D54-8FBA-93D64500EC5B}.Release|Any CPU.Build.0 = Release|Any CPU
	EndGlobalSection
	GlobalSection(SolutionProperties) = preSolution
		HideSolutionNode = FALSE
	EndGlobalSection
	GlobalSection(ExtensibilityGlobals) = postSolution
		SolutionGuid = {0DB2FF54-9BE6-43CC-A52A-8EBA0C6C378F}
	EndGlobalSection
EndGlobal
